
Microsoft Visual Studio Solution File, Format Version 12.00
# Visual Studio Version 17
VisualStudioVersion = 17.9.34902.65
MinimumVisualStudioVersion = 10.0.40219.1
Project("{9A19103F-16F7-4668-BE54-9A1E7A4F7556}") = "NEA first draft", "NEA first draft\NEA first draft.csproj", "{9B12C0F8-5BD9-411B-8936-2A0775B53632}"
	ProjectSection(ProjectDependencies) = postProject
		{E4B27C01-9FB7-4305-B574-19CA5E132B7B} = {E4B27C01-9FB7-4305-B574-19CA5E132B7B}
	EndProjectSection
EndProject
Project("{9A19103F-16F7-4668-BE54-9A1E7A4F7556}") = "StockProSim.Data", "StockProSim.Data\StockProSim.Data.csproj", "{4FE79B10-3A54-4BFF-A789-AC4039B736D6}"
EndProject
Project("{9A19103F-16F7-4668-BE54-9A1E7A4F7556}") = "BlazorApp1", "..\BlazorApp1\BlazorApp1\BlazorApp1.csproj", "{E4B27C01-9FB7-4305-B574-19CA5E132B7B}"
EndProject
Project("{9A19103F-16F7-4668-BE54-9A1E7A4F7556}") = "APIcalls", "APIcalls\APIcalls.csproj", "{E5AB36A0-BBAE-454A-963E-2BA4BA1270C7}"
EndProject
Project("{9A19103F-16F7-4668-BE54-9A1E7A4F7556}") = "RiskCalculations", "RiskCalculations\RiskCalculations.csproj", "{BF9EB566-3D8D-47B6-ADA4-D2E9C69A67B3}"
EndProject
Project("{9A19103F-16F7-4668-BE54-9A1E7A4F7556}") = "UnitTests", "UnitTests\UnitTests.csproj", "{E4E78E81-97F1-4528-915F-6C4695858AC3}"
EndProject
Global
	GlobalSection(SolutionConfigurationPlatforms) = preSolution
		Debug|Any CPU = Debug|Any CPU
		Release|Any CPU = Release|Any CPU
	EndGlobalSection
	GlobalSection(ProjectConfigurationPlatforms) = postSolution
		{9B12C0F8-5BD9-411B-8936-2A0775B53632}.Debug|Any CPU.ActiveCfg = Debug|Any CPU
		{9B12C0F8-5BD9-411B-8936-2A0775B53632}.Debug|Any CPU.Build.0 = Debug|Any CPU
		{9B12C0F8-5BD9-411B-8936-2A0775B53632}.Release|Any CPU.ActiveCfg = Release|Any CPU
		{9B12C0F8-5BD9-411B-8936-2A0775B53632}.Release|Any CPU.Build.0 = Release|Any CPU
		{4FE79B10-3A54-4BFF-A789-AC4039B736D6}.Debug|Any CPU.ActiveCfg = Debug|Any CPU
		{4FE79B10-3A54-4BFF-A789-AC4039B736D6}.Debug|Any CPU.Build.0 = Debug|Any CPU
		{4FE79B10-3A54-4BFF-A789-AC4039B736D6}.Release|Any CPU.ActiveCfg = Release|Any CPU
		{4FE79B10-3A54-4BFF-A789-AC4039B736D6}.Release|Any CPU.Build.0 = Release|Any CPU
		{E4B27C01-9FB7-4305-B574-19CA5E132B7B}.Debug|Any CPU.ActiveCfg = Debug|Any CPU
		{E4B27C01-9FB7-4305-B574-19CA5E132B7B}.Debug|Any CPU.Build.0 = Debug|Any CPU
		{E4B27C01-9FB7-4305-B574-19CA5E132B7B}.Release|Any CPU.ActiveCfg = Release|Any CPU
		{E4B27C01-9FB7-4305-B574-19CA5E132B7B}.Release|Any CPU.Build.0 = Release|Any CPU
		{E5AB36A0-BBAE-454A-963E-2BA4BA1270C7}.Debug|Any CPU.ActiveCfg = Debug|Any CPU
		{E5AB36A0-BBAE-454A-963E-2BA4BA1270C7}.Debug|Any CPU.Build.0 = Debug|Any CPU
		{E5AB36A0-BBAE-454A-963E-2BA4BA1270C7}.Release|Any CPU.ActiveCfg = Release|Any CPU
		{E5AB36A0-BBAE-454A-963E-2BA4BA1270C7}.Release|Any CPU.Build.0 = Release|Any CPU
		{BF9EB566-3D8D-47B6-ADA4-D2E9C69A67B3}.Debug|Any CPU.ActiveCfg = Debug|Any CPU
		{BF9EB566-3D8D-47B6-ADA4-D2E9C69A67B3}.Debug|Any CPU.Build.0 = Debug|Any CPU
		{BF9EB566-3D8D-47B6-ADA4-D2E9C69A67B3}.Release|Any CPU.ActiveCfg = Release|Any CPU
		{BF9EB566-3D8D-47B6-ADA4-D2E9C69A67B3}.Release|Any CPU.Build.0 = Release|Any CPU
		{E4E78E81-97F1-4528-915F-6C4695858AC3}.Debug|Any CPU.ActiveCfg = Debug|Any CPU
		{E4E78E81-97F1-4528-915F-6C4695858AC3}.Debug|Any CPU.Build.0 = Debug|Any CPU
		{E4E78E81-97F1-4528-915F-6C4695858AC3}.Release|Any CPU.ActiveCfg = Release|Any CPU
		{E4E78E81-97F1-4528-915F-6C4695858AC3}.Release|Any CPU.Build.0 = Release|Any CPU
	EndGlobalSection
	GlobalSection(SolutionProperties) = preSolution
		HideSolutionNode = FALSE
	EndGlobalSection
	GlobalSection(ExtensibilityGlobals) = postSolution
		SolutionGuid = {9D89C439-BEF8-4123-A038-927F2300DA4D}
	EndGlobalSection
EndGlobal
